
Microsoft Visual Studio Solution File, Format Version 12.00
# Visual Studio Version 17
VisualStudioVersion = 17.5.002.0
MinimumVisualStudioVersion = 10.0.40219.1
Project("{9A19103F-16F7-4668-BE54-9A1E7A4F7556}") = "classesexercise", "classesexercise.csproj", "{6E51481F-DA08-4591-A1C4-0E13B26B4CCC}"
EndProject
Global
	GlobalSection(SolutionConfigurationPlatforms) = preSolution
		Debug|Any CPU = Debug|Any CPU
		Release|Any CPU = Release|Any CPU
	EndGlobalSection
	GlobalSection(ProjectConfigurationPlatforms) = postSolution
		{6E51481F-DA08-4591-A1C4-0E13B26B4CCC}.Debug|Any CPU.ActiveCfg = Debug|Any CPU
		{6E51481F-DA08-4591-A1C4-0E13B26B4CCC}.Debug|Any CPU.Build.0 = Debug|Any CPU
		{6E51481F-DA08-4591-A1C4-0E13B26B4CCC}.Release|Any CPU.ActiveCfg = Release|Any CPU
		{6E51481F-DA08-4591-A1C4-0E13B26B4CCC}.Release|Any CPU.Build.0 = Release|Any CPU
	EndGlobalSection
	GlobalSection(SolutionProperties) = preSolution
		HideSolutionNode = FALSE
	EndGlobalSection
	GlobalSection(ExtensibilityGlobals) = postSolution
		SolutionGuid = {10D3E4AF-DFE8-4B11-A0D6-01B4E09C2020}
	EndGlobalSection
EndGlobal
