
Microsoft Visual Studio Solution File, Format Version 12.00
# Visual Studio Version 17
VisualStudioVersion = 17.5.002.0
MinimumVisualStudioVersion = 10.0.40219.1
Project("{9A19103F-16F7-4668-BE54-9A1E7A4F7556}") = "RockPaperScissors", "RockPaperScissors.csproj", "{D7DFB4F0-33E2-4A23-B2AD-472F9E39C711}"
EndProject
Global
	GlobalSection(SolutionConfigurationPlatforms) = preSolution
		Debug|Any CPU = Debug|Any CPU
		Release|Any CPU = Release|Any CPU
	EndGlobalSection
	GlobalSection(ProjectConfigurationPlatforms) = postSolution
		{D7DFB4F0-33E2-4A23-B2AD-472F9E39C711}.Debug|Any CPU.ActiveCfg = Debug|Any CPU
		{D7DFB4F0-33E2-4A23-B2AD-472F9E39C711}.Debug|Any CPU.Build.0 = Debug|Any CPU
		{D7DFB4F0-33E2-4A23-B2AD-472F9E39C711}.Release|Any CPU.ActiveCfg = Release|Any CPU
		{D7DFB4F0-33E2-4A23-B2AD-472F9E39C711}.Release|Any CPU.Build.0 = Release|Any CPU
	EndGlobalSection
	GlobalSection(SolutionProperties) = preSolution
		HideSolutionNode = FALSE
	EndGlobalSection
	GlobalSection(ExtensibilityGlobals) = postSolution
		SolutionGuid = {D670734A-66E5-476E-8E2F-BBA46B8295B0}
	EndGlobalSection
EndGlobal
