
Microsoft Visual Studio Solution File, Format Version 12.00
# Visual Studio Version 17
VisualStudioVersion = 17.5.002.0
MinimumVisualStudioVersion = 10.0.40219.1
Project("{9A19103F-16F7-4668-BE54-9A1E7A4F7556}") = "interfaces", "interfaces.csproj", "{3A1AD343-3B79-40FC-A0AB-0471CB830230}"
EndProject
Global
	GlobalSection(SolutionConfigurationPlatforms) = preSolution
		Debug|Any CPU = Debug|Any CPU
		Release|Any CPU = Release|Any CPU
	EndGlobalSection
	GlobalSection(ProjectConfigurationPlatforms) = postSolution
		{3A1AD343-3B79-40FC-A0AB-0471CB830230}.Debug|Any CPU.ActiveCfg = Debug|Any CPU
		{3A1AD343-3B79-40FC-A0AB-0471CB830230}.Debug|Any CPU.Build.0 = Debug|Any CPU
		{3A1AD343-3B79-40FC-A0AB-0471CB830230}.Release|Any CPU.ActiveCfg = Release|Any CPU
		{3A1AD343-3B79-40FC-A0AB-0471CB830230}.Release|Any CPU.Build.0 = Release|Any CPU
	EndGlobalSection
	GlobalSection(SolutionProperties) = preSolution
		HideSolutionNode = FALSE
	EndGlobalSection
	GlobalSection(ExtensibilityGlobals) = postSolution
		SolutionGuid = {77F02153-234B-4A34-BFFB-45F453133D58}
	EndGlobalSection
EndGlobal
